
Microsoft Visual Studio Solution File, Format Version 12.00
# Visual Studio Version 17
VisualStudioVersion = 17.0.31903.59
MinimumVisualStudioVersion = 10.0.40219.1
Project("{FAE04EC0-301F-11D3-BF4B-00C04F79EFBC}") = "ConferenciaFisica.Api", "ConferenciaFisica.Api\ConferenciaFisica.Api.csproj", "{1825A2E6-A785-491E-8D5E-568838A182C1}"
EndProject
Project("{FAE04EC0-301F-11D3-BF4B-00C04F79EFBC}") = "ConferenciaFisica.Application", "ConferenciaFisica.Application\ConferenciaFisica.Application.csproj", "{929176A6-D0DE-4E74-BA23-B409CC6B5D2E}"
EndProject
Project("{FAE04EC0-301F-11D3-BF4B-00C04F79EFBC}") = "ConferenciaFisica.Business", "ConferenciaFisica.Business\ConferenciaFisica.Business.csproj", "{6D782714-082F-4AC7-B864-3A6187F54678}"
EndProject
Project("{FAE04EC0-301F-11D3-BF4B-00C04F79EFBC}") = "ConferenciaFisica.Infra", "ConferenciaFisica.Infra\ConferenciaFisica.Infra.csproj", "{D8F7000B-1434-434F-BDBB-29019B61178B}"
EndProject
Project("{FAE04EC0-301F-11D3-BF4B-00C04F79EFBC}") = "ConferenciaFisica.Domain", "ConferenciaFisica.Domain\ConferenciaFisica.Domain.csproj", "{DD559126-2A9F-4220-B456-F75FC3EF9C84}"
EndProject
Project("{FAE04EC0-301F-11D3-BF4B-00C04F79EFBC}") = "ConferenciaFisica.Contracts", "ConferenciaFisica.Contracts\ConferenciaFisica.Contracts.csproj", "{A3F907F8-F6E7-4209-8E10-009B0BF84B0C}"
EndProject
Global
	GlobalSection(SolutionConfigurationPlatforms) = preSolution
		Debug|Any CPU = Debug|Any CPU
		Release|Any CPU = Release|Any CPU
	EndGlobalSection
	GlobalSection(ProjectConfigurationPlatforms) = postSolution
		{1825A2E6-A785-491E-8D5E-568838A182C1}.Debug|Any CPU.ActiveCfg = Debug|Any CPU
		{1825A2E6-A785-491E-8D5E-568838A182C1}.Debug|Any CPU.Build.0 = Debug|Any CPU
		{1825A2E6-A785-491E-8D5E-568838A182C1}.Release|Any CPU.ActiveCfg = Release|Any CPU
		{1825A2E6-A785-491E-8D5E-568838A182C1}.Release|Any CPU.Build.0 = Release|Any CPU
		{929176A6-D0DE-4E74-BA23-B409CC6B5D2E}.Debug|Any CPU.ActiveCfg = Debug|Any CPU
		{929176A6-D0DE-4E74-BA23-B409CC6B5D2E}.Debug|Any CPU.Build.0 = Debug|Any CPU
		{929176A6-D0DE-4E74-BA23-B409CC6B5D2E}.Release|Any CPU.ActiveCfg = Release|Any CPU
		{929176A6-D0DE-4E74-BA23-B409CC6B5D2E}.Release|Any CPU.Build.0 = Release|Any CPU
		{6D782714-082F-4AC7-B864-3A6187F54678}.Debug|Any CPU.ActiveCfg = Debug|Any CPU
		{6D782714-082F-4AC7-B864-3A6187F54678}.Debug|Any CPU.Build.0 = Debug|Any CPU
		{6D782714-082F-4AC7-B864-3A6187F54678}.Release|Any CPU.ActiveCfg = Release|Any CPU
		{6D782714-082F-4AC7-B864-3A6187F54678}.Release|Any CPU.Build.0 = Release|Any CPU
		{D8F7000B-1434-434F-BDBB-29019B61178B}.Debug|Any CPU.ActiveCfg = Debug|Any CPU
		{D8F7000B-1434-434F-BDBB-29019B61178B}.Debug|Any CPU.Build.0 = Debug|Any CPU
		{D8F7000B-1434-434F-BDBB-29019B61178B}.Release|Any CPU.ActiveCfg = Release|Any CPU
		{D8F7000B-1434-434F-BDBB-29019B61178B}.Release|Any CPU.Build.0 = Release|Any CPU
		{DD559126-2A9F-4220-B456-F75FC3EF9C84}.Debug|Any CPU.ActiveCfg = Debug|Any CPU
		{DD559126-2A9F-4220-B456-F75FC3EF9C84}.Debug|Any CPU.Build.0 = Debug|Any CPU
		{DD559126-2A9F-4220-B456-F75FC3EF9C84}.Release|Any CPU.ActiveCfg = Release|Any CPU
		{DD559126-2A9F-4220-B456-F75FC3EF9C84}.Release|Any CPU.Build.0 = Release|Any CPU
		{A3F907F8-F6E7-4209-8E10-009B0BF84B0C}.Debug|Any CPU.ActiveCfg = Debug|Any CPU
		{A3F907F8-F6E7-4209-8E10-009B0BF84B0C}.Debug|Any CPU.Build.0 = Debug|Any CPU
		{A3F907F8-F6E7-4209-8E10-009B0BF84B0C}.Release|Any CPU.ActiveCfg = Release|Any CPU
		{A3F907F8-F6E7-4209-8E10-009B0BF84B0C}.Release|Any CPU.Build.0 = Release|Any CPU
	EndGlobalSection
	GlobalSection(SolutionProperties) = preSolution
		HideSolutionNode = FALSE
	EndGlobalSection
EndGlobal
